
Microsoft Visual Studio Solution File, Format Version 12.00
# Visual Studio Version 16
VisualStudioVersion = 16.0.32126.315
MinimumVisualStudioVersion = 10.0.40219.1
Project("{FAE04EC0-301F-11D3-BF4B-00C04F79EFBC}") = "jQueryAjaxInAsp.NetMvc", "jQueryAjaxInAsp.NetMvc\jQueryAjaxInAsp.NetMvc.csproj", "{B9800AC2-2D01-40C4-AA58-129609D4BF6F}"
EndProject
Global
	GlobalSection(SolutionConfigurationPlatforms) = preSolution
		Debug|Any CPU = Debug|Any CPU
		Release|Any CPU = Release|Any CPU
	EndGlobalSection
	GlobalSection(ProjectConfigurationPlatforms) = postSolution
		{B9800AC2-2D01-40C4-AA58-129609D4BF6F}.Debug|Any CPU.ActiveCfg = Debug|Any CPU
		{B9800AC2-2D01-40C4-AA58-129609D4BF6F}.Debug|Any CPU.Build.0 = Debug|Any CPU
		{B9800AC2-2D01-40C4-AA58-129609D4BF6F}.Release|Any CPU.ActiveCfg = Release|Any CPU
		{B9800AC2-2D01-40C4-AA58-129609D4BF6F}.Release|Any CPU.Build.0 = Release|Any CPU
	EndGlobalSection
	GlobalSection(SolutionProperties) = preSolution
		HideSolutionNode = FALSE
	EndGlobalSection
	GlobalSection(ExtensibilityGlobals) = postSolution
		SolutionGuid = {839D2C8A-CB81-46F7-A615-2E24FEF8F88B}
	EndGlobalSection
EndGlobal
